{
  "name": "@kongponents/kemptystate",
  "version": "0.0.1-beta.1",
  "lockfileVersion": 1,
  "requires": true,
  "dependencies": {
    "@kongponents/kbutton": {
      "version": "0.0.1-beta.3",
      "resolved": "https://registry.npmjs.org/@kongponents/kbutton/-/kbutton-0.0.1-beta.3.tgz",
      "integrity": "sha512-Cumjh6/32SLCIb7l9f7lhAi7qICB8IlVt2sqe+Z3bwxVbZq9roi54E9NYJioxH7oxk9hFCWj9RQr6kfbNpyM+w=="
    }
  }
}
