{
  "name": "@kongponents/kmodal",
  "version": "0.1.3",
  "lockfileVersion": 1,
  "requires": true,
  "dependencies": {
    "@kongponents/kbutton": {
      "version": "0.1.9",
      "resolved": "https://registry.npmjs.org/@kongponents/kbutton/-/kbutton-0.1.9.tgz",
      "integrity": "sha512-DZELo8q7DhU/6Lv4zsyS5E2YURmzZ1zhKXhxbbAUQpZ/Q7+HLhjHbEaQdL9dqsbpaSVhAeUiTrtj+QAQ3tSkKQ=="
    }
  }
}
